
Microsoft Visual Studio Solution File, Format Version 12.00
# Visual Studio Version 16
VisualStudioVersion = 16.0.31911.196
MinimumVisualStudioVersion = 10.0.40219.1
Project("{FAE04EC0-301F-11D3-BF4B-00C04F79EFBC}") = "GOR", "GOR\GOR.csproj", "{41801059-636D-423E-8BFA-FA16D2ACCFE4}"
EndProject
Global
	GlobalSection(SolutionConfigurationPlatforms) = preSolution
		Debug|Any CPU = Debug|Any CPU
		Release|Any CPU = Release|Any CPU
	EndGlobalSection
	GlobalSection(ProjectConfigurationPlatforms) = postSolution
		{41801059-636D-423E-8BFA-FA16D2ACCFE4}.Debug|Any CPU.ActiveCfg = Debug|Any CPU
		{41801059-636D-423E-8BFA-FA16D2ACCFE4}.Debug|Any CPU.Build.0 = Debug|Any CPU
		{41801059-636D-423E-8BFA-FA16D2ACCFE4}.Release|Any CPU.ActiveCfg = Release|Any CPU
		{41801059-636D-423E-8BFA-FA16D2ACCFE4}.Release|Any CPU.Build.0 = Release|Any CPU
	EndGlobalSection
	GlobalSection(SolutionProperties) = preSolution
		HideSolutionNode = FALSE
	EndGlobalSection
	GlobalSection(ExtensibilityGlobals) = postSolution
		SolutionGuid = {3B9F12F2-D52C-483A-9B5B-A79006A60A06}
	EndGlobalSection
EndGlobal
